// !$*UTF8*$!
{
	archiveVersion = 1;
	classes = {
	};
	objectVersion = 46;
	objects = {

/* Begin PBXBuildFile section */
		A4AC56801D184E6E005A62CF /* AppDelegate.swift in Sources */ = {isa = PBXBuildFile; fileRef = A4AC567F1D184E6E005A62CF /* AppDelegate.swift */; };
		A4AC56851D184E6E005A62CF /* Main.storyboard in Resources */ = {isa = PBXBuildFile; fileRef = A4AC56831D184E6E005A62CF /* Main.storyboard */; };
		A4AC56871D184E6E005A62CF /* Assets.xcassets in Resources */ = {isa = PBXBuildFile; fileRef = A4AC56861D184E6E005A62CF /* Assets.xcassets */; };
		A4AC568A1D184E6E005A62CF /* LaunchScreen.storyboard in Resources */ = {isa = PBXBuildFile; fileRef = A4AC56881D184E6E005A62CF /* LaunchScreen.storyboard */; };
		A4AC56921D184EFA005A62CF /* TracksViewController.swift in Sources */ = {isa = PBXBuildFile; fileRef = A4AC56911D184EFA005A62CF /* TracksViewController.swift */; };
		A4AC56941D184F40005A62CF /* ArtistViewController.swift in Sources */ = {isa = PBXBuildFile; fileRef = A4AC56931D184F40005A62CF /* ArtistViewController.swift */; };
		A4AC56961D184FE4005A62CF /* Constants .swift in Sources */ = {isa = PBXBuildFile; fileRef = A4AC56951D184FE4005A62CF /* Constants .swift */; };
		A4AC569C1D1850A1005A62CF /* Artist.swift in Sources */ = {isa = PBXBuildFile; fileRef = A4AC569B1D1850A1005A62CF /* Artist.swift */; };
		A4AC569E1D1850B8005A62CF /* Track.swift in Sources */ = {isa = PBXBuildFile; fileRef = A4AC569D1D1850B8005A62CF /* Track.swift */; };
		A4AC56A01D1858F3005A62CF /* APIController.swift in Sources */ = {isa = PBXBuildFile; fileRef = A4AC569F1D1858F3005A62CF /* APIController.swift */; };
		A4AC56A21D185986005A62CF /* DataStore.swift in Sources */ = {isa = PBXBuildFile; fileRef = A4AC56A11D185986005A62CF /* DataStore.swift */; };
		A4AC56A41D1898B0005A62CF /* Album.swift in Sources */ = {isa = PBXBuildFile; fileRef = A4AC56A31D1898B0005A62CF /* Album.swift */; };
		A4AC56A81D189AEC005A62CF /* RelatedViewController.swift in Sources */ = {isa = PBXBuildFile; fileRef = A4AC56A71D189AEC005A62CF /* RelatedViewController.swift */; };
		A4AC56AA1D189B2C005A62CF /* AlbumViewController.swift in Sources */ = {isa = PBXBuildFile; fileRef = A4AC56A91D189B2C005A62CF /* AlbumViewController.swift */; };
/* End PBXBuildFile section */

/* Begin PBXFileReference section */
		A4AC567C1D184E6D005A62CF /* TopTracksApp.app */ = {isa = PBXFileReference; explicitFileType = wrapper.application; includeInIndex = 0; path = TopTracksApp.app; sourceTree = BUILT_PRODUCTS_DIR; };
		A4AC567F1D184E6E005A62CF /* AppDelegate.swift */ = {isa = PBXFileReference; lastKnownFileType = sourcecode.swift; path = AppDelegate.swift; sourceTree = "<group>"; };
		A4AC56841D184E6E005A62CF /* Base */ = {isa = PBXFileReference; lastKnownFileType = file.storyboard; name = Base; path = Base.lproj/Main.storyboard; sourceTree = "<group>"; };
		A4AC56861D184E6E005A62CF /* Assets.xcassets */ = {isa = PBXFileReference; lastKnownFileType = folder.assetcatalog; path = Assets.xcassets; sourceTree = "<group>"; };
		A4AC56891D184E6E005A62CF /* Base */ = {isa = PBXFileReference; lastKnownFileType = file.storyboard; name = Base; path = Base.lproj/LaunchScreen.storyboard; sourceTree = "<group>"; };
		A4AC568B1D184E6E005A62CF /* Info.plist */ = {isa = PBXFileReference; lastKnownFileType = text.plist.xml; path = Info.plist; sourceTree = "<group>"; };
		A4AC56911D184EFA005A62CF /* TracksViewController.swift */ = {isa = PBXFileReference; fileEncoding = 4; lastKnownFileType = sourcecode.swift; path = TracksViewController.swift; sourceTree = "<group>"; };
		A4AC56931D184F40005A62CF /* ArtistViewController.swift */ = {isa = PBXFileReference; fileEncoding = 4; lastKnownFileType = sourcecode.swift; path = ArtistViewController.swift; sourceTree = "<group>"; };
		A4AC56951D184FE4005A62CF /* Constants .swift */ = {isa = PBXFileReference; fileEncoding = 4; lastKnownFileType = sourcecode.swift; path = "Constants .swift"; sourceTree = "<group>"; };
		A4AC569B1D1850A1005A62CF /* Artist.swift */ = {isa = PBXFileReference; fileEncoding = 4; lastKnownFileType = sourcecode.swift; path = Artist.swift; sourceTree = "<group>"; };
		A4AC569D1D1850B8005A62CF /* Track.swift */ = {isa = PBXFileReference; fileEncoding = 4; lastKnownFileType = sourcecode.swift; name = Track.swift; path = ../Track.swift; sourceTree = "<group>"; };
		A4AC569F1D1858F3005A62CF /* APIController.swift */ = {isa = PBXFileReference; fileEncoding = 4; lastKnownFileType = sourcecode.swift; path = APIController.swift; sourceTree = "<group>"; };
		A4AC56A11D185986005A62CF /* DataStore.swift */ = {isa = PBXFileReference; fileEncoding = 4; lastKnownFileType = sourcecode.swift; path = DataStore.swift; sourceTree = "<group>"; };
		A4AC56A31D1898B0005A62CF /* Album.swift */ = {isa = PBXFileReference; fileEncoding = 4; lastKnownFileType = sourcecode.swift; path = Album.swift; sourceTree = "<group>"; };
		A4AC56A71D189AEC005A62CF /* RelatedViewController.swift */ = {isa = PBXFileReference; fileEncoding = 4; lastKnownFileType = sourcecode.swift; path = RelatedViewController.swift; sourceTree = "<group>"; };
		A4AC56A91D189B2C005A62CF /* AlbumViewController.swift */ = {isa = PBXFileReference; fileEncoding = 4; lastKnownFileType = sourcecode.swift; path = AlbumViewController.swift; sourceTree = "<group>"; };
/* End PBXFileReference section */

/* Begin PBXFrameworksBuildPhase section */
		A4AC56791D184E6D005A62CF /* Frameworks */ = {
			isa = PBXFrameworksBuildPhase;
			buildActionMask = 2147483647;
			files = (
			);
			runOnlyForDeploymentPostprocessing = 0;
		};
/* End PBXFrameworksBuildPhase section */

/* Begin PBXGroup section */
		A4AC56731D184E6D005A62CF = {
			isa = PBXGroup;
			children = (
				A4AC567E1D184E6E005A62CF /* TopTracksApp */,
				A4AC567D1D184E6D005A62CF /* Products */,
			);
			sourceTree = "<group>";
		};
		A4AC567D1D184E6D005A62CF /* Products */ = {
			isa = PBXGroup;
			children = (
				A4AC567C1D184E6D005A62CF /* TopTracksApp.app */,
			);
			name = Products;
			sourceTree = "<group>";
		};
		A4AC567E1D184E6E005A62CF /* TopTracksApp */ = {
			isa = PBXGroup;
			children = (
				A4AC567F1D184E6E005A62CF /* AppDelegate.swift */,
				A4AC56951D184FE4005A62CF /* Constants .swift */,
				A4AC56991D185013005A62CF /* Modals */,
				A4AC56981D185002005A62CF /* Views */,
				A4AC56971D184FF3005A62CF /* Controller */,
				A4AC56831D184E6E005A62CF /* Main.storyboard */,
				A4AC569A1D185044005A62CF /* Supporting Files */,
			);
			path = TopTracksApp;
			sourceTree = "<group>";
		};
		A4AC56971D184FF3005A62CF /* Controller */ = {
			isa = PBXGroup;
			children = (
				A4AC56931D184F40005A62CF /* ArtistViewController.swift */,
				A4AC56911D184EFA005A62CF /* TracksViewController.swift */,
				A4AC56A91D189B2C005A62CF /* AlbumViewController.swift */,
				A4AC56A71D189AEC005A62CF /* RelatedViewController.swift */,
				A4AC569F1D1858F3005A62CF /* APIController.swift */,
			);
			name = Controller;
			sourceTree = "<group>";
		};
		A4AC56981D185002005A62CF /* Views */ = {
			isa = PBXGroup;
			children = (
			);
			name = Views;
			sourceTree = "<group>";
		};
		A4AC56991D185013005A62CF /* Modals */ = {
			isa = PBXGroup;
			children = (
				A4AC569B1D1850A1005A62CF /* Artist.swift */,
				A4AC569D1D1850B8005A62CF /* Track.swift */,
				A4AC56A31D1898B0005A62CF /* Album.swift */,
				A4AC56A11D185986005A62CF /* DataStore.swift */,
			);
			name = Modals;
			sourceTree = "<group>";
		};
		A4AC569A1D185044005A62CF /* Supporting Files */ = {
			isa = PBXGroup;
			children = (
				A4AC56861D184E6E005A62CF /* Assets.xcassets */,
				A4AC568B1D184E6E005A62CF /* Info.plist */,
				A4AC56881D184E6E005A62CF /* LaunchScreen.storyboard */,
			);
			name = "Supporting Files";
			sourceTree = "<group>";
		};
/* End PBXGroup section */

/* Begin PBXNativeTarget section */
		A4AC567B1D184E6D005A62CF /* TopTracksApp */ = {
			isa = PBXNativeTarget;
			buildConfigurationList = A4AC568E1D184E6E005A62CF /* Build configuration list for PBXNativeTarget "TopTracksApp" */;
			buildPhases = (
				A4AC56781D184E6D005A62CF /* Sources */,
				A4AC56791D184E6D005A62CF /* Frameworks */,
				A4AC567A1D184E6D005A62CF /* Resources */,
			);
			buildRules = (
			);
			dependencies = (
			);
			name = TopTracksApp;
			productName = TopTracksApp;
			productReference = A4AC567C1D184E6D005A62CF /* TopTracksApp.app */;
			productType = "com.apple.product-type.application";
		};
/* End PBXNativeTarget section */

/* Begin PBXProject section */
		A4AC56741D184E6D005A62CF /* Project object */ = {
			isa = PBXProject;
			attributes = {
				LastSwiftUpdateCheck = 0730;
				LastUpgradeCheck = 0730;
				ORGANIZATIONNAME = "trvl, LLC";
				TargetAttributes = {
					A4AC567B1D184E6D005A62CF = {
						CreatedOnToolsVersion = 7.3;
						DevelopmentTeam = 6D9CKTK39V;
					};
				};
			};
			buildConfigurationList = A4AC56771D184E6D005A62CF /* Build configuration list for PBXProject "TopTracksApp" */;
			compatibilityVersion = "Xcode 3.2";
			developmentRegion = English;
			hasScannedForEncodings = 0;
			knownRegions = (
				en,
				Base,
			);
			mainGroup = A4AC56731D184E6D005A62CF;
			productRefGroup = A4AC567D1D184E6D005A62CF /* Products */;
			projectDirPath = "";
			projectRoot = "";
			targets = (
				A4AC567B1D184E6D005A62CF /* TopTracksApp */,
			);
		};
/* End PBXProject section */

/* Begin PBXResourcesBuildPhase section */
		A4AC567A1D184E6D005A62CF /* Resources */ = {
			isa = PBXResourcesBuildPhase;
			buildActionMask = 2147483647;
			files = (
				A4AC568A1D184E6E005A62CF /* LaunchScreen.storyboard in Resources */,
				A4AC56871D184E6E005A62CF /* Assets.xcassets in Resources */,
				A4AC56851D184E6E005A62CF /* Main.storyboard in Resources */,
			);
			runOnlyForDeploymentPostprocessing = 0;
		};
/* End PBXResourcesBuildPhase section */

/* Begin PBXSourcesBuildPhase section */
		A4AC56781D184E6D005A62CF /* Sources */ = {
			isa = PBXSourcesBuildPhase;
			buildActionMask = 2147483647;
			files = (
				A4AC56AA1D189B2C005A62CF /* AlbumViewController.swift in Sources */,
				A4AC56A01D1858F3005A62CF /* APIController.swift in Sources */,
				A4AC56A21D185986005A62CF /* DataStore.swift in Sources */,
				A4AC56961D184FE4005A62CF /* Constants .swift in Sources */,
				A4AC56921D184EFA005A62CF /* TracksViewController.swift in Sources */,
				A4AC56801D184E6E005A62CF /* AppDelegate.swift in Sources */,
				A4AC56A41D1898B0005A62CF /* Album.swift in Sources */,
				A4AC569E1D1850B8005A62CF /* Track.swift in Sources */,
				A4AC569C1D1850A1005A62CF /* Artist.swift in Sources */,
				A4AC56A81D189AEC005A62CF /* RelatedViewController.swift in Sources */,
				A4AC56941D184F40005A62CF /* ArtistViewController.swift in Sources */,
			);
			runOnlyForDeploymentPostprocessing = 0;
		};
/* End PBXSourcesBuildPhase section */

/* Begin PBXVariantGroup section */
		A4AC56831D184E6E005A62CF /* Main.storyboard */ = {
			isa = PBXVariantGroup;
			children = (
				A4AC56841D184E6E005A62CF /* Base */,
			);
			name = Main.storyboard;
			sourceTree = "<group>";
		};
		A4AC56881D184E6E005A62CF /* LaunchScreen.storyboard */ = {
			isa = PBXVariantGroup;
			children = (
				A4AC56891D184E6E005A62CF /* Base */,
			);
			name = LaunchScreen.storyboard;
			sourceTree = "<group>";
		};
/* End PBXVariantGroup section */

/* Begin XCBuildConfiguration section */
		A4AC568C1D184E6E005A62CF /* Debug */ = {
			isa = XCBuildConfiguration;
			buildSettings = {
				ALWAYS_SEARCH_USER_PATHS = NO;
				CLANG_ANALYZER_NONNULL = YES;
				CLANG_CXX_LANGUAGE_STANDARD = "gnu++0x";
				CLANG_CXX_LIBRARY = "libc++";
				CLANG_ENABLE_MODULES = YES;
				CLANG_ENABLE_OBJC_ARC = YES;
				CLANG_WARN_BOOL_CONVERSION = YES;
				CLANG_WARN_CONSTANT_CONVERSION = YES;
				CLANG_WARN_DIRECT_OBJC_ISA_USAGE = YES_ERROR;
				CLANG_WARN_EMPTY_BODY = YES;
				CLANG_WARN_ENUM_CONVERSION = YES;
				CLANG_WARN_INT_CONVERSION = YES;
				CLANG_WARN_OBJC_ROOT_CLASS = YES_ERROR;
				CLANG_WARN_UNREACHABLE_CODE = YES;
				CLANG_WARN__DUPLICATE_METHOD_MATCH = YES;
				"CODE_SIGN_IDENTITY[sdk=iphoneos*]" = "iPhone Developer";
				COPY_PHASE_STRIP = NO;
				DEBUG_INFORMATION_FORMAT = dwarf;
				ENABLE_STRICT_OBJC_MSGSEND = YES;
				ENABLE_TESTABILITY = YES;
				GCC_C_LANGUAGE_STANDARD = gnu99;
				GCC_DYNAMIC_NO_PIC = NO;
				GCC_NO_COMMON_BLOCKS = YES;
				GCC_OPTIMIZATION_LEVEL = 0;
				GCC_PREPROCESSOR_DEFINITIONS = (
					"DEBUG=1",
					"$(inherited)",
				);
				GCC_WARN_64_TO_32_BIT_CONVERSION = YES;
				GCC_WARN_ABOUT_RETURN_TYPE = YES_ERROR;
				GCC_WARN_UNDECLARED_SELECTOR = YES;
				GCC_WARN_UNINITIALIZED_AUTOS = YES_AGGRESSIVE;
				GCC_WARN_UNUSED_FUNCTION = YES;
				GCC_WARN_UNUSED_VARIABLE = YES;
				IPHONEOS_DEPLOYMENT_TARGET = 9.3;
				MTL_ENABLE_DEBUG_INFO = YES;
				ONLY_ACTIVE_ARCH = YES;
				SDKROOT = iphoneos;
				SWIFT_OPTIMIZATION_LEVEL = "-Onone";
			};
			name = Debug;
		};
		A4AC568D1D184E6E005A62CF /* Release */ = {
			isa = XCBuildConfiguration;
			buildSettings = {
				ALWAYS_SEARCH_USER_PATHS = NO;
				CLANG_ANALYZER_NONNULL = YES;
				CLANG_CXX_LANGUAGE_STANDARD = "gnu++0x";
				CLANG_CXX_LIBRARY = "libc++";
				CLANG_ENABLE_MODULES = YES;
				CLANG_ENABLE_OBJC_ARC = YES;
				CLANG_WARN_BOOL_CONVERSION = YES;
				CLANG_WARN_CONSTANT_CONVERSION = YES;
				CLANG_WARN_DIRECT_OBJC_ISA_USAGE = YES_ERROR;
				CLANG_WARN_EMPTY_BODY = YES;
				CLANG_WARN_ENUM_CONVERSION = YES;
				CLANG_WARN_INT_CONVERSION = YES;
				CLANG_WARN_OBJC_ROOT_CLASS = YES_ERROR;
				CLANG_WARN_UNREACHABLE_CODE = YES;
				CLANG_WARN__DUPLICATE_METHOD_MATCH = YES;
				"CODE_SIGN_IDENTITY[sdk=iphoneos*]" = "iPhone Developer";
				COPY_PHASE_STRIP = NO;
				DEBUG_INFORMATION_FORMAT = "dwarf-with-dsym";
				ENABLE_NS_ASSERTIONS = NO;
				ENABLE_STRICT_OBJC_MSGSEND = YES;
				GCC_C_LANGUAGE_STANDARD = gnu99;
				GCC_NO_COMMON_BLOCKS = YES;
				GCC_WARN_64_TO_32_BIT_CONVERSION = YES;
				GCC_WARN_ABOUT_RETURN_TYPE = YES_ERROR;
				GCC_WARN_UNDECLARED_SELECTOR = YES;
				GCC_WARN_UNINITIALIZED_AUTOS = YES_AGGRESSIVE;
				GCC_WARN_UNUSED_FUNCTION = YES;
				GCC_WARN_UNUSED_VARIABLE = YES;
				IPHONEOS_DEPLOYMENT_TARGET = 9.3;
				MTL_ENABLE_DEBUG_INFO = NO;
				SDKROOT = iphoneos;
				VALIDATE_PRODUCT = YES;
			};
			name = Release;
		};
		A4AC568F1D184E6E005A62CF /* Debug */ = {
			isa = XCBuildConfiguration;
			buildSettings = {
				ASSETCATALOG_COMPILER_APPICON_NAME = AppIcon;
				INFOPLIST_FILE = TopTracksApp/Info.plist;
				LD_RUNPATH_SEARCH_PATHS = "$(inherited) @executable_path/Frameworks";
				PRODUCT_BUNDLE_IDENTIFIER = com.jsanchezrides.TopTracksApp;
				PRODUCT_NAME = "$(TARGET_NAME)";
			};
			name = Debug;
		};
		A4AC56901D184E6E005A62CF /* Release */ = {
			isa = XCBuildConfiguration;
			buildSettings = {
				ASSETCATALOG_COMPILER_APPICON_NAME = AppIcon;
				INFOPLIST_FILE = TopTracksApp/Info.plist;
				LD_RUNPATH_SEARCH_PATHS = "$(inherited) @executable_path/Frameworks";
				PRODUCT_BUNDLE_IDENTIFIER = com.jsanchezrides.TopTracksApp;
				PRODUCT_NAME = "$(TARGET_NAME)";
			};
			name = Release;
		};
/* End XCBuildConfiguration section */

/* Begin XCConfigurationList section */
		A4AC56771D184E6D005A62CF /* Build configuration list for PBXProject "TopTracksApp" */ = {
			isa = XCConfigurationList;
			buildConfigurations = (
				A4AC568C1D184E6E005A62CF /* Debug */,
				A4AC568D1D184E6E005A62CF /* Release */,
			);
			defaultConfigurationIsVisible = 0;
			defaultConfigurationName = Release;
		};
		A4AC568E1D184E6E005A62CF /* Build configuration list for PBXNativeTarget "TopTracksApp" */ = {
			isa = XCConfigurationList;
			buildConfigurations = (
				A4AC568F1D184E6E005A62CF /* Debug */,
				A4AC56901D184E6E005A62CF /* Release */,
			);
			defaultConfigurationIsVisible = 0;
			defaultConfigurationName = Release;
		};
/* End XCConfigurationList section */
	};
	rootObject = A4AC56741D184E6D005A62CF /* Project object */;
}
